
Microsoft Visual Studio Solution File, Format Version 12.00
# Visual Studio Version 17
VisualStudioVersion = 17.14.36221.1 d17.14
MinimumVisualStudioVersion = 10.0.40219.1
Project("{FAE04EC0-301F-11D3-BF4B-00C04F79EFBC}") = "AiBlogTrial", "AiBlogTrial\AiBlogTrial.csproj", "{340D445B-3D3C-4AEF-AF0F-E46FF5A89583}"
EndProject
Global
	GlobalSection(SolutionConfigurationPlatforms) = preSolution
		Debug|Any CPU = Debug|Any CPU
		Release|Any CPU = Release|Any CPU
	EndGlobalSection
	GlobalSection(ProjectConfigurationPlatforms) = postSolution
		{340D445B-3D3C-4AEF-AF0F-E46FF5A89583}.Debug|Any CPU.ActiveCfg = Debug|Any CPU
		{340D445B-3D3C-4AEF-AF0F-E46FF5A89583}.Debug|Any CPU.Build.0 = Debug|Any CPU
		{340D445B-3D3C-4AEF-AF0F-E46FF5A89583}.Release|Any CPU.ActiveCfg = Release|Any CPU
		{340D445B-3D3C-4AEF-AF0F-E46FF5A89583}.Release|Any CPU.Build.0 = Release|Any CPU
	EndGlobalSection
	GlobalSection(SolutionProperties) = preSolution
		HideSolutionNode = FALSE
	EndGlobalSection
	GlobalSection(ExtensibilityGlobals) = postSolution
		SolutionGuid = {7085E377-1E66-4A77-849E-59240B58189A}
	EndGlobalSection
EndGlobal
